// !$*UTF8*$!
{
	archiveVersion = 1;
	classes = {
	};
	objectVersion = 50;
	objects = {

/* Begin PBXBuildFile section */
		D56E60C9274BB1B4001542FE /* AppDelegate.swift in Sources */ = {isa = PBXBuildFile; fileRef = D56E60C8274BB1B4001542FE /* AppDelegate.swift */; };
		D56E60CB274BB1B4001542FE /* SceneDelegate.swift in Sources */ = {isa = PBXBuildFile; fileRef = D56E60CA274BB1B4001542FE /* SceneDelegate.swift */; };
		D56E60CD274BB1B4001542FE /* ViewController.swift in Sources */ = {isa = PBXBuildFile; fileRef = D56E60CC274BB1B4001542FE /* ViewController.swift */; };
		D56E60D0274BB1B4001542FE /* Main.storyboard in Resources */ = {isa = PBXBuildFile; fileRef = D56E60CE274BB1B4001542FE /* Main.storyboard */; };
		D56E60D2274BB1B5001542FE /* Assets.xcassets in Resources */ = {isa = PBXBuildFile; fileRef = D56E60D1274BB1B5001542FE /* Assets.xcassets */; };
		D56E60D5274BB1B5001542FE /* LaunchScreen.storyboard in Resources */ = {isa = PBXBuildFile; fileRef = D56E60D3274BB1B5001542FE /* LaunchScreen.storyboard */; };
		D56E60DD274BC6D0001542FE /* Phone.swift in Sources */ = {isa = PBXBuildFile; fileRef = D56E60DC274BC6D0001542FE /* Phone.swift */; };
/* End PBXBuildFile section */

/* Begin PBXFileReference section */
		D56E60C5274BB1B4001542FE /* APH.app */ = {isa = PBXFileReference; explicitFileType = wrapper.application; includeInIndex = 0; path = APH.app; sourceTree = BUILT_PRODUCTS_DIR; };
		D56E60C8274BB1B4001542FE /* AppDelegate.swift */ = {isa = PBXFileReference; lastKnownFileType = sourcecode.swift; path = AppDelegate.swift; sourceTree = "<group>"; };
		D56E60CA274BB1B4001542FE /* SceneDelegate.swift */ = {isa = PBXFileReference; lastKnownFileType = sourcecode.swift; path = SceneDelegate.swift; sourceTree = "<group>"; };
		D56E60CC274BB1B4001542FE /* ViewController.swift */ = {isa = PBXFileReference; lastKnownFileType = sourcecode.swift; path = ViewController.swift; sourceTree = "<group>"; };
		D56E60CF274BB1B4001542FE /* Base */ = {isa = PBXFileReference; lastKnownFileType = file.storyboard; name = Base; path = Base.lproj/Main.storyboard; sourceTree = "<group>"; };
		D56E60D1274BB1B5001542FE /* Assets.xcassets */ = {isa = PBXFileReference; lastKnownFileType = folder.assetcatalog; path = Assets.xcassets; sourceTree = "<group>"; };
		D56E60D4274BB1B5001542FE /* Base */ = {isa = PBXFileReference; lastKnownFileType = file.storyboard; name = Base; path = Base.lproj/LaunchScreen.storyboard; sourceTree = "<group>"; };
		D56E60D6274BB1B5001542FE /* Info.plist */ = {isa = PBXFileReference; lastKnownFileType = text.plist.xml; path = Info.plist; sourceTree = "<group>"; };
		D56E60DC274BC6D0001542FE /* Phone.swift */ = {isa = PBXFileReference; lastKnownFileType = sourcecode.swift; path = Phone.swift; sourceTree = "<group>"; };
/* End PBXFileReference section */

/* Begin PBXFrameworksBuildPhase section */
		D56E60C2274BB1B4001542FE /* Frameworks */ = {
			isa = PBXFrameworksBuildPhase;
			buildActionMask = 2147483647;
			files = (
			);
			runOnlyForDeploymentPostprocessing = 0;
		};
/* End PBXFrameworksBuildPhase section */

/* Begin PBXGroup section */
		D56E60BC274BB1B4001542FE = {
			isa = PBXGroup;
			children = (
				D56E60C7274BB1B4001542FE /* APH */,
				D56E60C6274BB1B4001542FE /* Products */,
			);
			sourceTree = "<group>";
		};
		D56E60C6274BB1B4001542FE /* Products */ = {
			isa = PBXGroup;
			children = (
				D56E60C5274BB1B4001542FE /* APH.app */,
			);
			name = Products;
			sourceTree = "<group>";
		};
		D56E60C7274BB1B4001542FE /* APH */ = {
			isa = PBXGroup;
			children = (
				D56E60C8274BB1B4001542FE /* AppDelegate.swift */,
				D56E60CA274BB1B4001542FE /* SceneDelegate.swift */,
				D56E60CC274BB1B4001542FE /* ViewController.swift */,
				D56E60CE274BB1B4001542FE /* Main.storyboard */,
				D56E60D1274BB1B5001542FE /* Assets.xcassets */,
				D56E60D3274BB1B5001542FE /* LaunchScreen.storyboard */,
				D56E60D6274BB1B5001542FE /* Info.plist */,
				D56E60DC274BC6D0001542FE /* Phone.swift */,
			);
			path = APH;
			sourceTree = "<group>";
		};
/* End PBXGroup section */

/* Begin PBXNativeTarget section */
		D56E60C4274BB1B4001542FE /* APH */ = {
			isa = PBXNativeTarget;
			buildConfigurationList = D56E60D9274BB1B5001542FE /* Build configuration list for PBXNativeTarget "APH" */;
			buildPhases = (
				D56E60C1274BB1B4001542FE /* Sources */,
				D56E60C2274BB1B4001542FE /* Frameworks */,
				D56E60C3274BB1B4001542FE /* Resources */,
			);
			buildRules = (
			);
			dependencies = (
			);
			name = APH;
			productName = APH;
			productReference = D56E60C5274BB1B4001542FE /* APH.app */;
			productType = "com.apple.product-type.application";
		};
/* End PBXNativeTarget section */

/* Begin PBXProject section */
		D56E60BD274BB1B4001542FE /* Project object */ = {
			isa = PBXProject;
			attributes = {
				LastSwiftUpdateCheck = 1250;
				LastUpgradeCheck = 1250;
				TargetAttributes = {
					D56E60C4274BB1B4001542FE = {
						CreatedOnToolsVersion = 12.5.1;
					};
				};
			};
			buildConfigurationList = D56E60C0274BB1B4001542FE /* Build configuration list for PBXProject "APH" */;
			compatibilityVersion = "Xcode 9.3";
			developmentRegion = en;
			hasScannedForEncodings = 0;
			knownRegions = (
				en,
				Base,
			);
			mainGroup = D56E60BC274BB1B4001542FE;
			productRefGroup = D56E60C6274BB1B4001542FE /* Products */;
			projectDirPath = "";
			projectRoot = "";
			targets = (
				D56E60C4274BB1B4001542FE /* APH */,
			);
		};
/* End PBXProject section */

/* Begin PBXResourcesBuildPhase section */
		D56E60C3274BB1B4001542FE /* Resources */ = {
			isa = PBXResourcesBuildPhase;
			buildActionMask = 2147483647;
			files = (
				D56E60D5274BB1B5001542FE /* LaunchScreen.storyboard in Resources */,
				D56E60D2274BB1B5001542FE /* Assets.xcassets in Resources */,
				D56E60D0274BB1B4001542FE /* Main.storyboard in Resources */,
			);
			runOnlyForDeploymentPostprocessing = 0;
		};
/* End PBXResourcesBuildPhase section */

/* Begin PBXSourcesBuildPhase section */
		D56E60C1274BB1B4001542FE /* Sources */ = {
			isa = PBXSourcesBuildPhase;
			buildActionMask = 2147483647;
			files = (
				D56E60DD274BC6D0001542FE /* Phone.swift in Sources */,
				D56E60CD274BB1B4001542FE /* ViewController.swift in Sources */,
				D56E60C9274BB1B4001542FE /* AppDelegate.swift in Sources */,
				D56E60CB274BB1B4001542FE /* SceneDelegate.swift in Sources */,
			);
			runOnlyForDeploymentPostprocessing = 0;
		};
/* End PBXSourcesBuildPhase section */

/* Begin PBXVariantGroup section */
		D56E60CE274BB1B4001542FE /* Main.storyboard */ = {
			isa = PBXVariantGroup;
			children = (
				D56E60CF274BB1B4001542FE /* Base */,
			);
			name = Main.storyboard;
			sourceTree = "<group>";
		};
		D56E60D3274BB1B5001542FE /* LaunchScreen.storyboard */ = {
			isa = PBXVariantGroup;
			children = (
				D56E60D4274BB1B5001542FE /* Base */,
			);
			name = LaunchScreen.storyboard;
			sourceTree = "<group>";
		};
/* End PBXVariantGroup section */

/* Begin XCBuildConfiguration section */
		D56E60D7274BB1B5001542FE /* Debug */ = {
			isa = XCBuildConfiguration;
			buildSettings = {
				ALWAYS_SEARCH_USER_PATHS = NO;
				CLANG_ANALYZER_NONNULL = YES;
				CLANG_ANALYZER_NUMBER_OBJECT_CONVERSION = YES_AGGRESSIVE;
				CLANG_CXX_LANGUAGE_STANDARD = "gnu++14";
				CLANG_CXX_LIBRARY = "libc++";
				CLANG_ENABLE_MODULES = YES;
				CLANG_ENABLE_OBJC_ARC = YES;
				CLANG_ENABLE_OBJC_WEAK = YES;
				CLANG_WARN_BLOCK_CAPTURE_AUTORELEASING = YES;
				CLANG_WARN_BOOL_CONVERSION = YES;
				CLANG_WARN_COMMA = YES;
				CLANG_WARN_CONSTANT_CONVERSION = YES;
				CLANG_WARN_DEPRECATED_OBJC_IMPLEMENTATIONS = YES;
				CLANG_WARN_DIRECT_OBJC_ISA_USAGE = YES_ERROR;
				CLANG_WARN_DOCUMENTATION_COMMENTS = YES;
				CLANG_WARN_EMPTY_BODY = YES;
				CLANG_WARN_ENUM_CONVERSION = YES;
				CLANG_WARN_INFINITE_RECURSION = YES;
				CLANG_WARN_INT_CONVERSION = YES;
				CLANG_WARN_NON_LITERAL_NULL_CONVERSION = YES;
				CLANG_WARN_OBJC_IMPLICIT_RETAIN_SELF = YES;
				CLANG_WARN_OBJC_LITERAL_CONVERSION = YES;
				CLANG_WARN_OBJC_ROOT_CLASS = YES_ERROR;
				CLANG_WARN_QUOTED_INCLUDE_IN_FRAMEWORK_HEADER = YES;
				CLANG_WARN_RANGE_LOOP_ANALYSIS = YES;
				CLANG_WARN_STRICT_PROTOTYPES = YES;
				CLANG_WARN_SUSPICIOUS_MOVE = YES;
				CLANG_WARN_UNGUARDED_AVAILABILITY = YES_AGGRESSIVE;
				CLANG_WARN_UNREACHABLE_CODE = YES;
				CLANG_WARN__DUPLICATE_METHOD_MATCH = YES;
				COPY_PHASE_STRIP = NO;
				DEBUG_INFORMATION_FORMAT = dwarf;
				ENABLE_STRICT_OBJC_MSGSEND = YES;
				ENABLE_TESTABILITY = YES;
				GCC_C_LANGUAGE_STANDARD = gnu11;
				GCC_DYNAMIC_NO_PIC = NO;
				GCC_NO_COMMON_BLOCKS = YES;
				GCC_OPTIMIZATION_LEVEL = 0;
				GCC_PREPROCESSOR_DEFINITIONS = (
					"DEBUG=1",
					"$(inherited)",
				);
				GCC_WARN_64_TO_32_BIT_CONVERSION = YES;
				GCC_WARN_ABOUT_RETURN_TYPE = YES_ERROR;
				GCC_WARN_UNDECLARED_SELECTOR = YES;
				GCC_WARN_UNINITIALIZED_AUTOS = YES_AGGRESSIVE;
				GCC_WARN_UNUSED_FUNCTION = YES;
				GCC_WARN_UNUSED_VARIABLE = YES;
				IPHONEOS_DEPLOYMENT_TARGET = 14.5;
				MTL_ENABLE_DEBUG_INFO = INCLUDE_SOURCE;
				MTL_FAST_MATH = YES;
				ONLY_ACTIVE_ARCH = YES;
				SDKROOT = iphoneos;
				SWIFT_ACTIVE_COMPILATION_CONDITIONS = DEBUG;
				SWIFT_OPTIMIZATION_LEVEL = "-Onone";
			};
			name = Debug;
		};
		D56E60D8274BB1B5001542FE /* Release */ = {
			isa = XCBuildConfiguration;
			buildSettings = {
				ALWAYS_SEARCH_USER_PATHS = NO;
				CLANG_ANALYZER_NONNULL = YES;
				CLANG_ANALYZER_NUMBER_OBJECT_CONVERSION = YES_AGGRESSIVE;
				CLANG_CXX_LANGUAGE_STANDARD = "gnu++14";
				CLANG_CXX_LIBRARY = "libc++";
				CLANG_ENABLE_MODULES = YES;
				CLANG_ENABLE_OBJC_ARC = YES;
				CLANG_ENABLE_OBJC_WEAK = YES;
				CLANG_WARN_BLOCK_CAPTURE_AUTORELEASING = YES;
				CLANG_WARN_BOOL_CONVERSION = YES;
				CLANG_WARN_COMMA = YES;
				CLANG_WARN_CONSTANT_CONVERSION = YES;
				CLANG_WARN_DEPRECATED_OBJC_IMPLEMENTATIONS = YES;
				CLANG_WARN_DIRECT_OBJC_ISA_USAGE = YES_ERROR;
				CLANG_WARN_DOCUMENTATION_COMMENTS = YES;
				CLANG_WARN_EMPTY_BODY = YES;
				CLANG_WARN_ENUM_CONVERSION = YES;
				CLANG_WARN_INFINITE_RECURSION = YES;
				CLANG_WARN_INT_CONVERSION = YES;
				CLANG_WARN_NON_LITERAL_NULL_CONVERSION = YES;
				CLANG_WARN_OBJC_IMPLICIT_RETAIN_SELF = YES;
				CLANG_WARN_OBJC_LITERAL_CONVERSION = YES;
				CLANG_WARN_OBJC_ROOT_CLASS = YES_ERROR;
				CLANG_WARN_QUOTED_INCLUDE_IN_FRAMEWORK_HEADER = YES;
				CLANG_WARN_RANGE_LOOP_ANALYSIS = YES;
				CLANG_WARN_STRICT_PROTOTYPES = YES;
				CLANG_WARN_SUSPICIOUS_MOVE = YES;
				CLANG_WARN_UNGUARDED_AVAILABILITY = YES_AGGRESSIVE;
				CLANG_WARN_UNREACHABLE_CODE = YES;
				CLANG_WARN__DUPLICATE_METHOD_MATCH = YES;
				COPY_PHASE_STRIP = NO;
				DEBUG_INFORMATION_FORMAT = "dwarf-with-dsym";
				ENABLE_NS_ASSERTIONS = NO;
				ENABLE_STRICT_OBJC_MSGSEND = YES;
				GCC_C_LANGUAGE_STANDARD = gnu11;
				GCC_NO_COMMON_BLOCKS = YES;
				GCC_WARN_64_TO_32_BIT_CONVERSION = YES;
				GCC_WARN_ABOUT_RETURN_TYPE = YES_ERROR;
				GCC_WARN_UNDECLARED_SELECTOR = YES;
				GCC_WARN_UNINITIALIZED_AUTOS = YES_AGGRESSIVE;
				GCC_WARN_UNUSED_FUNCTION = YES;
				GCC_WARN_UNUSED_VARIABLE = YES;
				IPHONEOS_DEPLOYMENT_TARGET = 14.5;
				MTL_ENABLE_DEBUG_INFO = NO;
				MTL_FAST_MATH = YES;
				SDKROOT = iphoneos;
				SWIFT_COMPILATION_MODE = wholemodule;
				SWIFT_OPTIMIZATION_LEVEL = "-O";
				VALIDATE_PRODUCT = YES;
			};
			name = Release;
		};
		D56E60DA274BB1B5001542FE /* Debug */ = {
			isa = XCBuildConfiguration;
			buildSettings = {
				ASSETCATALOG_COMPILER_APPICON_NAME = AppIcon;
				ASSETCATALOG_COMPILER_GLOBAL_ACCENT_COLOR_NAME = AccentColor;
				CODE_SIGN_STYLE = Automatic;
				INFOPLIST_FILE = APH/Info.plist;
				LD_RUNPATH_SEARCH_PATHS = (
					"$(inherited)",
					"@executable_path/Frameworks",
				);
				PRODUCT_BUNDLE_IDENTIFIER = co.pavelyomi.APH;
				PRODUCT_NAME = "$(TARGET_NAME)";
				SWIFT_VERSION = 5.0;
				TARGETED_DEVICE_FAMILY = "1,2";
			};
			name = Debug;
		};
		D56E60DB274BB1B5001542FE /* Release */ = {
			isa = XCBuildConfiguration;
			buildSettings = {
				ASSETCATALOG_COMPILER_APPICON_NAME = AppIcon;
				ASSETCATALOG_COMPILER_GLOBAL_ACCENT_COLOR_NAME = AccentColor;
				CODE_SIGN_STYLE = Automatic;
				INFOPLIST_FILE = APH/Info.plist;
				LD_RUNPATH_SEARCH_PATHS = (
					"$(inherited)",
					"@executable_path/Frameworks",
				);
				PRODUCT_BUNDLE_IDENTIFIER = co.pavelyomi.APH;
				PRODUCT_NAME = "$(TARGET_NAME)";
				SWIFT_VERSION = 5.0;
				TARGETED_DEVICE_FAMILY = "1,2";
			};
			name = Release;
		};
/* End XCBuildConfiguration section */

/* Begin XCConfigurationList section */
		D56E60C0274BB1B4001542FE /* Build configuration list for PBXProject "APH" */ = {
			isa = XCConfigurationList;
			buildConfigurations = (
				D56E60D7274BB1B5001542FE /* Debug */,
				D56E60D8274BB1B5001542FE /* Release */,
			);
			defaultConfigurationIsVisible = 0;
			defaultConfigurationName = Release;
		};
		D56E60D9274BB1B5001542FE /* Build configuration list for PBXNativeTarget "APH" */ = {
			isa = XCConfigurationList;
			buildConfigurations = (
				D56E60DA274BB1B5001542FE /* Debug */,
				D56E60DB274BB1B5001542FE /* Release */,
			);
			defaultConfigurationIsVisible = 0;
			defaultConfigurationName = Release;
		};
/* End XCConfigurationList section */
	};
	rootObject = D56E60BD274BB1B4001542FE /* Project object */;
}
